// !$*UTF8*$!
{
	archiveVersion = 1;
	classes = {
	};
	objectVersion = 50;
	objects = {

/* Begin PBXBuildFile section */
		8C7968A5F3D48D08637FBA2B /* Pods_Division2FanApp.framework in Frameworks */ = {isa = PBXBuildFile; fileRef = 5D90300CAC8CF99EFBAA4C60 /* Pods_Division2FanApp.framework */; };
		AA168EB8223EC6D800857113 /* InfoTableViewController.xib in Resources */ = {isa = PBXBuildFile; fileRef = AA168EB6223EC6D800857113 /* InfoTableViewController.xib */; };
		AA168EBC223EC77F00857113 /* InfoCell.swift in Sources */ = {isa = PBXBuildFile; fileRef = AA168EBA223EC77F00857113 /* InfoCell.swift */; };
		AA168EBD223EC77F00857113 /* InfoCell.xib in Resources */ = {isa = PBXBuildFile; fileRef = AA168EBB223EC77F00857113 /* InfoCell.xib */; };
		AA168EC3223FA6F400857113 /* InfoTableViewController.swift in Sources */ = {isa = PBXBuildFile; fileRef = AA168EB7223EC6D800857113 /* InfoTableViewController.swift */; };
		AA168EC6223FA8EB00857113 /* UserDefaultsService.swift in Sources */ = {isa = PBXBuildFile; fileRef = AA168EC5223FA8EB00857113 /* UserDefaultsService.swift */; };
		AA168EC8223FC56000857113 /* precinct-siege-sample.mp3 in Resources */ = {isa = PBXBuildFile; fileRef = AA168EC7223FC56000857113 /* precinct-siege-sample.mp3 */; };
		AA1A9F4B224A0D2500653BA7 /* division2-night.mov in Resources */ = {isa = PBXBuildFile; fileRef = AA1A9F4A224A0D2500653BA7 /* division2-night.mov */; };
		AA1A9F4F224A0DCC00653BA7 /* BrowserViewController.swift in Sources */ = {isa = PBXBuildFile; fileRef = AA1A9F4D224A0DCC00653BA7 /* BrowserViewController.swift */; };
		AA1A9F50224A0DCC00653BA7 /* BrowserViewController.xib in Resources */ = {isa = PBXBuildFile; fileRef = AA1A9F4E224A0DCC00653BA7 /* BrowserViewController.xib */; };
		AA1CDECB224A60C700CE1EFA /* WebKit.framework in Frameworks */ = {isa = PBXBuildFile; fileRef = AA1CDECA224A60C700CE1EFA /* WebKit.framework */; };
		AA433402224000F800987F5B /* division2-dz-east.mov in Resources */ = {isa = PBXBuildFile; fileRef = AA433401224000F800987F5B /* division2-dz-east.mov */; };
		AA4334042240DE9400987F5B /* DPS CALCULATOR MARCOSTYLE.xlsx in Resources */ = {isa = PBXBuildFile; fileRef = AA4334032240DE9400987F5B /* DPS CALCULATOR MARCOSTYLE.xlsx */; };
		AA4334242242E97200987F5B /* ContainerViewController.swift in Sources */ = {isa = PBXBuildFile; fileRef = AA4334222242E97200987F5B /* ContainerViewController.swift */; };
		AA4334252242E97200987F5B /* ContainerViewController.xib in Resources */ = {isa = PBXBuildFile; fileRef = AA4334232242E97200987F5B /* ContainerViewController.xib */; };
		AA4334292242FA5500987F5B /* division2-streets.mov in Resources */ = {isa = PBXBuildFile; fileRef = AA4334282242FA5500987F5B /* division2-streets.mov */; };
		AA43342B22438E8600987F5B /* UIDevice+Extensions.swift in Sources */ = {isa = PBXBuildFile; fileRef = AA43342A22438E8600987F5B /* UIDevice+Extensions.swift */; };
		AA43343622439FC500987F5B /* FABWindow.swift in Sources */ = {isa = PBXBuildFile; fileRef = AA43342F22439FC500987F5B /* FABWindow.swift */; };
		AA43343722439FC500987F5B /* FABMenuViewController.xib in Resources */ = {isa = PBXBuildFile; fileRef = AA43343022439FC500987F5B /* FABMenuViewController.xib */; };
		AA43343822439FC500987F5B /* FabViewController.xib in Resources */ = {isa = PBXBuildFile; fileRef = AA43343122439FC500987F5B /* FabViewController.xib */; };
		AA43343922439FC500987F5B /* FABMenuViewController.swift in Sources */ = {isa = PBXBuildFile; fileRef = AA43343222439FC500987F5B /* FABMenuViewController.swift */; };
		AA43343A22439FC500987F5B /* FABMenuTableViewCell.swift in Sources */ = {isa = PBXBuildFile; fileRef = AA43343322439FC500987F5B /* FABMenuTableViewCell.swift */; };
		AA43343B22439FC500987F5B /* FABMenuTableViewCell.xib in Resources */ = {isa = PBXBuildFile; fileRef = AA43343422439FC500987F5B /* FABMenuTableViewCell.xib */; };
		AA43343C22439FC500987F5B /* FabViewController.swift in Sources */ = {isa = PBXBuildFile; fileRef = AA43343522439FC500987F5B /* FabViewController.swift */; };
		AA9021DE223B8E6F00CBF52F /* AppDelegate.swift in Sources */ = {isa = PBXBuildFile; fileRef = AA9021DD223B8E6F00CBF52F /* AppDelegate.swift */; };
		AA9021E5223B8E7100CBF52F /* Assets.xcassets in Resources */ = {isa = PBXBuildFile; fileRef = AA9021E4223B8E7100CBF52F /* Assets.xcassets */; };
		AA9021E8223B8E7100CBF52F /* LaunchScreen.storyboard in Resources */ = {isa = PBXBuildFile; fileRef = AA9021E6223B8E7100CBF52F /* LaunchScreen.storyboard */; };
		AA9021F5223B8F4700CBF52F /* CalcualtorTableViewController.swift in Sources */ = {isa = PBXBuildFile; fileRef = AA9021F3223B8F4700CBF52F /* CalcualtorTableViewController.swift */; };
		AA9021F6223B8F4700CBF52F /* CalcualtorTableViewController.xib in Resources */ = {isa = PBXBuildFile; fileRef = AA9021F4223B8F4700CBF52F /* CalcualtorTableViewController.xib */; };
		AA9021FA223B92E100CBF52F /* CalculatorCell.swift in Sources */ = {isa = PBXBuildFile; fileRef = AA9021F8223B92E100CBF52F /* CalculatorCell.swift */; };
		AA9021FB223B92E100CBF52F /* CalculatorCell.xib in Resources */ = {isa = PBXBuildFile; fileRef = AA9021F9223B92E100CBF52F /* CalculatorCell.xib */; };
		AA9021FE223B936300CBF52F /* CellControllable.swift in Sources */ = {isa = PBXBuildFile; fileRef = AA9021FD223B936300CBF52F /* CellControllable.swift */; };
		AA902200223B939900CBF52F /* UITableView+Extensions.swift in Sources */ = {isa = PBXBuildFile; fileRef = AA9021FF223B939900CBF52F /* UITableView+Extensions.swift */; };
		AA902202223B966900CBF52F /* UIColor+Extensions.swift in Sources */ = {isa = PBXBuildFile; fileRef = AA902201223B966900CBF52F /* UIColor+Extensions.swift */; };
		AA902204223B983F00CBF52F /* String+Extensions.swift in Sources */ = {isa = PBXBuildFile; fileRef = AA902203223B983F00CBF52F /* String+Extensions.swift */; };
		AA902207223B9BC200CBF52F /* Localizable.strings in Resources */ = {isa = PBXBuildFile; fileRef = AA902209223B9BC200CBF52F /* Localizable.strings */; };
		AA90221D223B9EE800CBF52F /* Borda Light.ttf in Resources */ = {isa = PBXBuildFile; fileRef = AA902210223B9EE800CBF52F /* Borda Light.ttf */; };
		AA902220223B9EE800CBF52F /* Borda.ttf in Resources */ = {isa = PBXBuildFile; fileRef = AA902213223B9EE800CBF52F /* Borda.ttf */; };
		AA902222223B9EE800CBF52F /* Borda-Bold.ttf in Resources */ = {isa = PBXBuildFile; fileRef = AA902215223B9EE800CBF52F /* Borda-Bold.ttf */; };
		AA902223223B9EE800CBF52F /* Borda-ExtraBold.ttf in Resources */ = {isa = PBXBuildFile; fileRef = AA902216223B9EE800CBF52F /* Borda-ExtraBold.ttf */; };
		AA902228223BA15B00CBF52F /* UIFont+Extensions.swift in Sources */ = {isa = PBXBuildFile; fileRef = AA902227223BA15B00CBF52F /* UIFont+Extensions.swift */; };
		AA90222F223BE44C00CBF52F /* DpsCalculator.swift in Sources */ = {isa = PBXBuildFile; fileRef = AA90222E223BE44C00CBF52F /* DpsCalculator.swift */; };
		AA902232223BEBC100CBF52F /* StatsCollectionViewController.swift in Sources */ = {isa = PBXBuildFile; fileRef = AA902230223BEBC100CBF52F /* StatsCollectionViewController.swift */; };
		AA902233223BEBC100CBF52F /* StatsCollectionViewController.xib in Resources */ = {isa = PBXBuildFile; fileRef = AA902231223BEBC100CBF52F /* StatsCollectionViewController.xib */; };
		AA90223A223BF42F00CBF52F /* StatCollectionViewCell.swift in Sources */ = {isa = PBXBuildFile; fileRef = AA902238223BF42F00CBF52F /* StatCollectionViewCell.swift */; };
		AA90223B223BF42F00CBF52F /* StatCollectionViewCell.xib in Resources */ = {isa = PBXBuildFile; fileRef = AA902239223BF42F00CBF52F /* StatCollectionViewCell.xib */; };
		AA90223E223C375500CBF52F /* Loot Drop Epic.mp3 in Resources */ = {isa = PBXBuildFile; fileRef = AA90223D223C375400CBF52F /* Loot Drop Epic.mp3 */; };
		AA902240223C377300CBF52F /* Sounds.swift in Sources */ = {isa = PBXBuildFile; fileRef = AA90223F223C377300CBF52F /* Sounds.swift */; };
		AA902244223D6B6000CBF52F /* VideoPlayerViewController.swift in Sources */ = {isa = PBXBuildFile; fileRef = AA902242223D6B5F00CBF52F /* VideoPlayerViewController.swift */; };
		AA902245223D6B6000CBF52F /* VideoPlayerViewController.xib in Resources */ = {isa = PBXBuildFile; fileRef = AA902243223D6B5F00CBF52F /* VideoPlayerViewController.xib */; };
		AA902247223D6CD400CBF52F /* RootViewController.swift in Sources */ = {isa = PBXBuildFile; fileRef = AA902246223D6CD400CBF52F /* RootViewController.swift */; };
		AA902259223D896100CBF52F /* UIView+Extensions.swift in Sources */ = {isa = PBXBuildFile; fileRef = AA902258223D896100CBF52F /* UIView+Extensions.swift */; };
		AA90225B223D897400CBF52F /* UIViewController+Extensions.swift in Sources */ = {isa = PBXBuildFile; fileRef = AA90225A223D897400CBF52F /* UIViewController+Extensions.swift */; };
		AA90225D223D898300CBF52F /* UINavigationBar+Extensions.swift in Sources */ = {isa = PBXBuildFile; fileRef = AA90225C223D898300CBF52F /* UINavigationBar+Extensions.swift */; };
		AA90225F223D8A0500CBF52F /* NSLayoutContraint+Extensions.swift in Sources */ = {isa = PBXBuildFile; fileRef = AA90225E223D8A0500CBF52F /* NSLayoutContraint+Extensions.swift */; };
		AAE3B3A82431F65F00D86E4F /* DPSCalculatorTests.swift in Sources */ = {isa = PBXBuildFile; fileRef = AAE3B3A72431F65F00D86E4F /* DPSCalculatorTests.swift */; };
/* End PBXBuildFile section */

/* Begin PBXContainerItemProxy section */
		AAE3B3AA2431F65F00D86E4F /* PBXContainerItemProxy */ = {
			isa = PBXContainerItemProxy;
			containerPortal = AA9021D2223B8E6E00CBF52F /* Project object */;
			proxyType = 1;
			remoteGlobalIDString = AA9021D9223B8E6F00CBF52F;
			remoteInfo = Division2FanApp;
		};
/* End PBXContainerItemProxy section */

/* Begin PBXFileReference section */
		5D90300CAC8CF99EFBAA4C60 /* Pods_Division2FanApp.framework */ = {isa = PBXFileReference; explicitFileType = wrapper.framework; includeInIndex = 0; path = Pods_Division2FanApp.framework; sourceTree = BUILT_PRODUCTS_DIR; };
		AA168EB6223EC6D800857113 /* InfoTableViewController.xib */ = {isa = PBXFileReference; fileEncoding = 4; lastKnownFileType = file.xib; path = InfoTableViewController.xib; sourceTree = "<group>"; };
		AA168EB7223EC6D800857113 /* InfoTableViewController.swift */ = {isa = PBXFileReference; fileEncoding = 4; lastKnownFileType = sourcecode.swift; path = InfoTableViewController.swift; sourceTree = "<group>"; };
		AA168EBA223EC77F00857113 /* InfoCell.swift */ = {isa = PBXFileReference; fileEncoding = 4; lastKnownFileType = sourcecode.swift; path = InfoCell.swift; sourceTree = "<group>"; };
		AA168EBB223EC77F00857113 /* InfoCell.xib */ = {isa = PBXFileReference; fileEncoding = 4; lastKnownFileType = file.xib; path = InfoCell.xib; sourceTree = "<group>"; };
		AA168EBF223F9EB600857113 /* AppIcon.pxm */ = {isa = PBXFileReference; lastKnownFileType = file; path = AppIcon.pxm; sourceTree = "<group>"; };
		AA168EC1223FA17700857113 /* AppIcon_1024.png */ = {isa = PBXFileReference; lastKnownFileType = image.png; path = AppIcon_1024.png; sourceTree = "<group>"; };
		AA168EC5223FA8EB00857113 /* UserDefaultsService.swift */ = {isa = PBXFileReference; lastKnownFileType = sourcecode.swift; path = UserDefaultsService.swift; sourceTree = "<group>"; };
		AA168EC7223FC56000857113 /* precinct-siege-sample.mp3 */ = {isa = PBXFileReference; lastKnownFileType = audio.mp3; path = "precinct-siege-sample.mp3"; sourceTree = "<group>"; };
		AA1A9F4A224A0D2500653BA7 /* division2-night.mov */ = {isa = PBXFileReference; lastKnownFileType = video.quicktime; path = "division2-night.mov"; sourceTree = "<group>"; };
		AA1A9F4D224A0DCC00653BA7 /* BrowserViewController.swift */ = {isa = PBXFileReference; lastKnownFileType = sourcecode.swift; path = BrowserViewController.swift; sourceTree = "<group>"; };
		AA1A9F4E224A0DCC00653BA7 /* BrowserViewController.xib */ = {isa = PBXFileReference; lastKnownFileType = file.xib; path = BrowserViewController.xib; sourceTree = "<group>"; };
		AA1CDECA224A60C700CE1EFA /* WebKit.framework */ = {isa = PBXFileReference; lastKnownFileType = wrapper.framework; name = WebKit.framework; path = System/Library/Frameworks/WebKit.framework; sourceTree = SDKROOT; };
		AA433401224000F800987F5B /* division2-dz-east.mov */ = {isa = PBXFileReference; lastKnownFileType = video.quicktime; path = "division2-dz-east.mov"; sourceTree = "<group>"; };
		AA4334032240DE9400987F5B /* DPS CALCULATOR MARCOSTYLE.xlsx */ = {isa = PBXFileReference; lastKnownFileType = file; path = "DPS CALCULATOR MARCOSTYLE.xlsx"; sourceTree = "<group>"; };
		AA4334222242E97200987F5B /* ContainerViewController.swift */ = {isa = PBXFileReference; lastKnownFileType = sourcecode.swift; path = ContainerViewController.swift; sourceTree = "<group>"; };
		AA4334232242E97200987F5B /* ContainerViewController.xib */ = {isa = PBXFileReference; lastKnownFileType = file.xib; path = ContainerViewController.xib; sourceTree = "<group>"; };
		AA4334282242FA5500987F5B /* division2-streets.mov */ = {isa = PBXFileReference; lastKnownFileType = video.quicktime; path = "division2-streets.mov"; sourceTree = "<group>"; };
		AA43342A22438E8600987F5B /* UIDevice+Extensions.swift */ = {isa = PBXFileReference; lastKnownFileType = sourcecode.swift; path = "UIDevice+Extensions.swift"; sourceTree = "<group>"; };
		AA43342F22439FC500987F5B /* FABWindow.swift */ = {isa = PBXFileReference; fileEncoding = 4; lastKnownFileType = sourcecode.swift; path = FABWindow.swift; sourceTree = "<group>"; };
		AA43343022439FC500987F5B /* FABMenuViewController.xib */ = {isa = PBXFileReference; fileEncoding = 4; lastKnownFileType = file.xib; path = FABMenuViewController.xib; sourceTree = "<group>"; };
		AA43343122439FC500987F5B /* FabViewController.xib */ = {isa = PBXFileReference; fileEncoding = 4; lastKnownFileType = file.xib; path = FabViewController.xib; sourceTree = "<group>"; };
		AA43343222439FC500987F5B /* FABMenuViewController.swift */ = {isa = PBXFileReference; fileEncoding = 4; lastKnownFileType = sourcecode.swift; path = FABMenuViewController.swift; sourceTree = "<group>"; };
		AA43343322439FC500987F5B /* FABMenuTableViewCell.swift */ = {isa = PBXFileReference; fileEncoding = 4; lastKnownFileType = sourcecode.swift; path = FABMenuTableViewCell.swift; sourceTree = "<group>"; };
		AA43343422439FC500987F5B /* FABMenuTableViewCell.xib */ = {isa = PBXFileReference; fileEncoding = 4; lastKnownFileType = file.xib; path = FABMenuTableViewCell.xib; sourceTree = "<group>"; };
		AA43343522439FC500987F5B /* FabViewController.swift */ = {isa = PBXFileReference; fileEncoding = 4; lastKnownFileType = sourcecode.swift; path = FabViewController.swift; sourceTree = "<group>"; };
		AA9021DA223B8E6F00CBF52F /* Division2FanApp.app */ = {isa = PBXFileReference; explicitFileType = wrapper.application; includeInIndex = 0; path = Division2FanApp.app; sourceTree = BUILT_PRODUCTS_DIR; };
		AA9021DD223B8E6F00CBF52F /* AppDelegate.swift */ = {isa = PBXFileReference; lastKnownFileType = sourcecode.swift; path = AppDelegate.swift; sourceTree = "<group>"; };
		AA9021E4223B8E7100CBF52F /* Assets.xcassets */ = {isa = PBXFileReference; lastKnownFileType = folder.assetcatalog; path = Assets.xcassets; sourceTree = "<group>"; };
		AA9021E7223B8E7100CBF52F /* Base */ = {isa = PBXFileReference; lastKnownFileType = file.storyboard; name = Base; path = Base.lproj/LaunchScreen.storyboard; sourceTree = "<group>"; };
		AA9021E9223B8E7100CBF52F /* Info.plist */ = {isa = PBXFileReference; lastKnownFileType = text.plist.xml; path = Info.plist; sourceTree = "<group>"; };
		AA9021F3223B8F4700CBF52F /* CalcualtorTableViewController.swift */ = {isa = PBXFileReference; lastKnownFileType = sourcecode.swift; path = CalcualtorTableViewController.swift; sourceTree = "<group>"; };
		AA9021F4223B8F4700CBF52F /* CalcualtorTableViewController.xib */ = {isa = PBXFileReference; lastKnownFileType = file.xib; path = CalcualtorTableViewController.xib; sourceTree = "<group>"; };
		AA9021F8223B92E100CBF52F /* CalculatorCell.swift */ = {isa = PBXFileReference; lastKnownFileType = sourcecode.swift; path = CalculatorCell.swift; sourceTree = "<group>"; };
		AA9021F9223B92E100CBF52F /* CalculatorCell.xib */ = {isa = PBXFileReference; lastKnownFileType = file.xib; path = CalculatorCell.xib; sourceTree = "<group>"; };
		AA9021FD223B936300CBF52F /* CellControllable.swift */ = {isa = PBXFileReference; lastKnownFileType = sourcecode.swift; path = CellControllable.swift; sourceTree = "<group>"; };
		AA9021FF223B939900CBF52F /* UITableView+Extensions.swift */ = {isa = PBXFileReference; lastKnownFileType = sourcecode.swift; path = "UITableView+Extensions.swift"; sourceTree = "<group>"; };
		AA902201223B966900CBF52F /* UIColor+Extensions.swift */ = {isa = PBXFileReference; lastKnownFileType = sourcecode.swift; path = "UIColor+Extensions.swift"; sourceTree = "<group>"; };
		AA902203223B983F00CBF52F /* String+Extensions.swift */ = {isa = PBXFileReference; lastKnownFileType = sourcecode.swift; path = "String+Extensions.swift"; sourceTree = "<group>"; };
		AA902208223B9BC200CBF52F /* en */ = {isa = PBXFileReference; lastKnownFileType = text.plist.strings; name = en; path = en.lproj/Localizable.strings; sourceTree = "<group>"; };
		AA90220A223B9BEC00CBF52F /* de */ = {isa = PBXFileReference; lastKnownFileType = text.plist.strings; name = de; path = de.lproj/Localizable.strings; sourceTree = "<group>"; };
		AA902210223B9EE800CBF52F /* Borda Light.ttf */ = {isa = PBXFileReference; lastKnownFileType = file; path = "Borda Light.ttf"; sourceTree = "<group>"; };
		AA902213223B9EE800CBF52F /* Borda.ttf */ = {isa = PBXFileReference; lastKnownFileType = file; path = Borda.ttf; sourceTree = "<group>"; };
		AA902215223B9EE800CBF52F /* Borda-Bold.ttf */ = {isa = PBXFileReference; lastKnownFileType = file; path = "Borda-Bold.ttf"; sourceTree = "<group>"; };
		AA902216223B9EE800CBF52F /* Borda-ExtraBold.ttf */ = {isa = PBXFileReference; lastKnownFileType = file; path = "Borda-ExtraBold.ttf"; sourceTree = "<group>"; };
		AA902227223BA15B00CBF52F /* UIFont+Extensions.swift */ = {isa = PBXFileReference; lastKnownFileType = sourcecode.swift; path = "UIFont+Extensions.swift"; sourceTree = "<group>"; };
		AA90222E223BE44C00CBF52F /* DpsCalculator.swift */ = {isa = PBXFileReference; lastKnownFileType = sourcecode.swift; path = DpsCalculator.swift; sourceTree = "<group>"; };
		AA902230223BEBC100CBF52F /* StatsCollectionViewController.swift */ = {isa = PBXFileReference; lastKnownFileType = sourcecode.swift; path = StatsCollectionViewController.swift; sourceTree = "<group>"; };
		AA902231223BEBC100CBF52F /* StatsCollectionViewController.xib */ = {isa = PBXFileReference; lastKnownFileType = file.xib; path = StatsCollectionViewController.xib; sourceTree = "<group>"; };
		AA902238223BF42F00CBF52F /* StatCollectionViewCell.swift */ = {isa = PBXFileReference; lastKnownFileType = sourcecode.swift; path = StatCollectionViewCell.swift; sourceTree = "<group>"; };
		AA902239223BF42F00CBF52F /* StatCollectionViewCell.xib */ = {isa = PBXFileReference; lastKnownFileType = file.xib; path = StatCollectionViewCell.xib; sourceTree = "<group>"; };
		AA90223D223C375400CBF52F /* Loot Drop Epic.mp3 */ = {isa = PBXFileReference; lastKnownFileType = audio.mp3; path = "Loot Drop Epic.mp3"; sourceTree = "<group>"; };
		AA90223F223C377300CBF52F /* Sounds.swift */ = {isa = PBXFileReference; lastKnownFileType = sourcecode.swift; path = Sounds.swift; sourceTree = "<group>"; };
		AA902242223D6B5F00CBF52F /* VideoPlayerViewController.swift */ = {isa = PBXFileReference; lastKnownFileType = sourcecode.swift; path = VideoPlayerViewController.swift; sourceTree = "<group>"; };
		AA902243223D6B5F00CBF52F /* VideoPlayerViewController.xib */ = {isa = PBXFileReference; lastKnownFileType = file.xib; path = VideoPlayerViewController.xib; sourceTree = "<group>"; };
		AA902246223D6CD400CBF52F /* RootViewController.swift */ = {isa = PBXFileReference; lastKnownFileType = sourcecode.swift; path = RootViewController.swift; sourceTree = "<group>"; };
		AA902258223D896100CBF52F /* UIView+Extensions.swift */ = {isa = PBXFileReference; lastKnownFileType = sourcecode.swift; path = "UIView+Extensions.swift"; sourceTree = "<group>"; };
		AA90225A223D897400CBF52F /* UIViewController+Extensions.swift */ = {isa = PBXFileReference; lastKnownFileType = sourcecode.swift; path = "UIViewController+Extensions.swift"; sourceTree = "<group>"; };
		AA90225C223D898300CBF52F /* UINavigationBar+Extensions.swift */ = {isa = PBXFileReference; lastKnownFileType = sourcecode.swift; path = "UINavigationBar+Extensions.swift"; sourceTree = "<group>"; };
		AA90225E223D8A0500CBF52F /* NSLayoutContraint+Extensions.swift */ = {isa = PBXFileReference; lastKnownFileType = sourcecode.swift; path = "NSLayoutContraint+Extensions.swift"; sourceTree = "<group>"; };
		AAE3B3A52431F65F00D86E4F /* Division2FanAppTests.xctest */ = {isa = PBXFileReference; explicitFileType = wrapper.cfbundle; includeInIndex = 0; path = Division2FanAppTests.xctest; sourceTree = BUILT_PRODUCTS_DIR; };
		AAE3B3A72431F65F00D86E4F /* DPSCalculatorTests.swift */ = {isa = PBXFileReference; lastKnownFileType = sourcecode.swift; path = DPSCalculatorTests.swift; sourceTree = "<group>"; };
		AAE3B3A92431F65F00D86E4F /* Info.plist */ = {isa = PBXFileReference; lastKnownFileType = text.plist.xml; path = Info.plist; sourceTree = "<group>"; };
		AAE3B3AF2431F7D500D86E4F /* .travis.yml */ = {isa = PBXFileReference; lastKnownFileType = text.yaml; path = .travis.yml; sourceTree = "<group>"; };
		E83349855BDFFBC9911A8E2E /* Pods-Division2FanApp.debug.xcconfig */ = {isa = PBXFileReference; includeInIndex = 1; lastKnownFileType = text.xcconfig; name = "Pods-Division2FanApp.debug.xcconfig"; path = "Target Support Files/Pods-Division2FanApp/Pods-Division2FanApp.debug.xcconfig"; sourceTree = "<group>"; };
		F3278855D53960EFFF3E43B1 /* Pods-Division2FanApp.release.xcconfig */ = {isa = PBXFileReference; includeInIndex = 1; lastKnownFileType = text.xcconfig; name = "Pods-Division2FanApp.release.xcconfig"; path = "Target Support Files/Pods-Division2FanApp/Pods-Division2FanApp.release.xcconfig"; sourceTree = "<group>"; };
/* End PBXFileReference section */

/* Begin PBXFrameworksBuildPhase section */
		AA9021D7223B8E6F00CBF52F /* Frameworks */ = {
			isa = PBXFrameworksBuildPhase;
			buildActionMask = 2147483647;
			files = (
				AA1CDECB224A60C700CE1EFA /* WebKit.framework in Frameworks */,
				8C7968A5F3D48D08637FBA2B /* Pods_Division2FanApp.framework in Frameworks */,
			);
			runOnlyForDeploymentPostprocessing = 0;
		};
		AAE3B3A22431F65F00D86E4F /* Frameworks */ = {
			isa = PBXFrameworksBuildPhase;
			buildActionMask = 2147483647;
			files = (
			);
			runOnlyForDeploymentPostprocessing = 0;
		};
/* End PBXFrameworksBuildPhase section */

/* Begin PBXGroup section */
		AA168EB4223EC6C000857113 /* Stats */ = {
			isa = PBXGroup;
			children = (
				AA902230223BEBC100CBF52F /* StatsCollectionViewController.swift */,
				AA902231223BEBC100CBF52F /* StatsCollectionViewController.xib */,
				AA902238223BF42F00CBF52F /* StatCollectionViewCell.swift */,
				AA902239223BF42F00CBF52F /* StatCollectionViewCell.xib */,
			);
			path = Stats;
			sourceTree = "<group>";
		};
		AA168EB5223EC6D800857113 /* Info */ = {
			isa = PBXGroup;
			children = (
				AA168EBA223EC77F00857113 /* InfoCell.swift */,
				AA168EBB223EC77F00857113 /* InfoCell.xib */,
				AA168EB6223EC6D800857113 /* InfoTableViewController.xib */,
				AA168EB7223EC6D800857113 /* InfoTableViewController.swift */,
			);
			path = Info;
			sourceTree = "<group>";
		};
		AA168EBE223F9EB600857113 /* Artwork */ = {
			isa = PBXGroup;
			children = (
				AA168EC1223FA17700857113 /* AppIcon_1024.png */,
				AA168EBF223F9EB600857113 /* AppIcon.pxm */,
			);
			path = Artwork;
			sourceTree = "<group>";
		};
		AA1A9F4C224A0DB800653BA7 /* Browser */ = {
			isa = PBXGroup;
			children = (
				AA1A9F4D224A0DCC00653BA7 /* BrowserViewController.swift */,
				AA1A9F4E224A0DCC00653BA7 /* BrowserViewController.xib */,
			);
			path = Browser;
			sourceTree = "<group>";
		};
		AA4334262242F09800987F5B /* Container */ = {
			isa = PBXGroup;
			children = (
				AA4334222242E97200987F5B /* ContainerViewController.swift */,
				AA4334232242E97200987F5B /* ContainerViewController.xib */,
			);
			path = Container;
			sourceTree = "<group>";
		};
		AA4334272242F0A700987F5B /* RootViewController */ = {
			isa = PBXGroup;
			children = (
				AA902246223D6CD400CBF52F /* RootViewController.swift */,
			);
			path = RootViewController;
			sourceTree = "<group>";
		};
		AA43342E22439FC500987F5B /* FAB */ = {
			isa = PBXGroup;
			children = (
				AA43343322439FC500987F5B /* FABMenuTableViewCell.swift */,
				AA43343422439FC500987F5B /* FABMenuTableViewCell.xib */,
				AA43343222439FC500987F5B /* FABMenuViewController.swift */,
				AA43343022439FC500987F5B /* FABMenuViewController.xib */,
				AA43343522439FC500987F5B /* FabViewController.swift */,
				AA43343122439FC500987F5B /* FabViewController.xib */,
				AA43342F22439FC500987F5B /* FABWindow.swift */,
			);
			path = FAB;
			sourceTree = "<group>";
		};
		AA9021D1223B8E6E00CBF52F = {
			isa = PBXGroup;
			children = (
				AAE3B3AF2431F7D500D86E4F /* .travis.yml */,
				AA9021DC223B8E6F00CBF52F /* Division2FanApp */,
				AAE3B3A62431F65F00D86E4F /* Division2FanAppTests */,
				AA9021DB223B8E6F00CBF52F /* Products */,
				CEC53AF69D00A31415BF357B /* Pods */,
				F137D8F89D8A446A702776DE /* Frameworks */,
			);
			sourceTree = "<group>";
		};
		AA9021DB223B8E6F00CBF52F /* Products */ = {
			isa = PBXGroup;
			children = (
				AA9021DA223B8E6F00CBF52F /* Division2FanApp.app */,
				AAE3B3A52431F65F00D86E4F /* Division2FanAppTests.xctest */,
			);
			name = Products;
			sourceTree = "<group>";
		};
		AA9021DC223B8E6F00CBF52F /* Division2FanApp */ = {
			isa = PBXGroup;
			children = (
				AA9021DD223B8E6F00CBF52F /* AppDelegate.swift */,
				AA168EBE223F9EB600857113 /* Artwork */,
				AA9021FC223B92F000CBF52F /* Base */,
				AA1A9F4C224A0DB800653BA7 /* Browser */,
				AA9021F7223B92BC00CBF52F /* Calculator */,
				AA4334262242F09800987F5B /* Container */,
				AA43342E22439FC500987F5B /* FAB */,
				AA90220C223B9EE800CBF52F /* Font */,
				AA168EB5223EC6D800857113 /* Info */,
				AA9021E6223B8E7100CBF52F /* LaunchScreen.storyboard */,
				AA902209223B9BC200CBF52F /* Localizable.strings */,
				AA90222D223BE43200CBF52F /* Logic */,
				AA902248223D6FAF00CBF52F /* Resources */,
				AA4334272242F0A700987F5B /* RootViewController */,
				AA90223C223C374200CBF52F /* Sound */,
				AA168EB4223EC6C000857113 /* Stats */,
				AA902241223D6B4100CBF52F /* Video */,
			);
			path = Division2FanApp;
			sourceTree = "<group>";
		};
		AA9021F7223B92BC00CBF52F /* Calculator */ = {
			isa = PBXGroup;
			children = (
				AA9021F8223B92E100CBF52F /* CalculatorCell.swift */,
				AA9021F9223B92E100CBF52F /* CalculatorCell.xib */,
				AA9021F3223B8F4700CBF52F /* CalcualtorTableViewController.swift */,
				AA9021F4223B8F4700CBF52F /* CalcualtorTableViewController.xib */,
			);
			path = Calculator;
			sourceTree = "<group>";
		};
		AA9021FC223B92F000CBF52F /* Base */ = {
			isa = PBXGroup;
			children = (
				AA9021FD223B936300CBF52F /* CellControllable.swift */,
				AA9021FF223B939900CBF52F /* UITableView+Extensions.swift */,
				AA902201223B966900CBF52F /* UIColor+Extensions.swift */,
				AA902203223B983F00CBF52F /* String+Extensions.swift */,
				AA902258223D896100CBF52F /* UIView+Extensions.swift */,
				AA90225A223D897400CBF52F /* UIViewController+Extensions.swift */,
				AA90225C223D898300CBF52F /* UINavigationBar+Extensions.swift */,
				AA90225E223D8A0500CBF52F /* NSLayoutContraint+Extensions.swift */,
				AA168EC5223FA8EB00857113 /* UserDefaultsService.swift */,
				AA43342A22438E8600987F5B /* UIDevice+Extensions.swift */,
			);
			path = Base;
			sourceTree = "<group>";
		};
		AA90220C223B9EE800CBF52F /* Font */ = {
			isa = PBXGroup;
			children = (
				AA902210223B9EE800CBF52F /* Borda Light.ttf */,
				AA902213223B9EE800CBF52F /* Borda.ttf */,
				AA902215223B9EE800CBF52F /* Borda-Bold.ttf */,
				AA902216223B9EE800CBF52F /* Borda-ExtraBold.ttf */,
				AA902227223BA15B00CBF52F /* UIFont+Extensions.swift */,
			);
			path = Font;
			sourceTree = "<group>";
		};
		AA90222D223BE43200CBF52F /* Logic */ = {
			isa = PBXGroup;
			children = (
				AA90222E223BE44C00CBF52F /* DpsCalculator.swift */,
			);
			path = Logic;
			sourceTree = "<group>";
		};
		AA90223C223C374200CBF52F /* Sound */ = {
			isa = PBXGroup;
			children = (
				AA168EC7223FC56000857113 /* precinct-siege-sample.mp3 */,
				AA90223D223C375400CBF52F /* Loot Drop Epic.mp3 */,
				AA90223F223C377300CBF52F /* Sounds.swift */,
			);
			path = Sound;
			sourceTree = "<group>";
		};
		AA902241223D6B4100CBF52F /* Video */ = {
			isa = PBXGroup;
			children = (
				AA1A9F4A224A0D2500653BA7 /* division2-night.mov */,
				AA4334282242FA5500987F5B /* division2-streets.mov */,
				AA433401224000F800987F5B /* division2-dz-east.mov */,
				AA902242223D6B5F00CBF52F /* VideoPlayerViewController.swift */,
				AA902243223D6B5F00CBF52F /* VideoPlayerViewController.xib */,
			);
			path = Video;
			sourceTree = "<group>";
		};
		AA902248223D6FAF00CBF52F /* Resources */ = {
			isa = PBXGroup;
			children = (
				AA4334032240DE9400987F5B /* DPS CALCULATOR MARCOSTYLE.xlsx */,
				AA9021E9223B8E7100CBF52F /* Info.plist */,
				AA9021E4223B8E7100CBF52F /* Assets.xcassets */,
			);
			path = Resources;
			sourceTree = "<group>";
		};
		AAE3B3A62431F65F00D86E4F /* Division2FanAppTests */ = {
			isa = PBXGroup;
			children = (
				AAE3B3A72431F65F00D86E4F /* DPSCalculatorTests.swift */,
				AAE3B3A92431F65F00D86E4F /* Info.plist */,
			);
			path = Division2FanAppTests;
			sourceTree = "<group>";
		};
		CEC53AF69D00A31415BF357B /* Pods */ = {
			isa = PBXGroup;
			children = (
				E83349855BDFFBC9911A8E2E /* Pods-Division2FanApp.debug.xcconfig */,
				F3278855D53960EFFF3E43B1 /* Pods-Division2FanApp.release.xcconfig */,
			);
			path = Pods;
			sourceTree = "<group>";
		};
		F137D8F89D8A446A702776DE /* Frameworks */ = {
			isa = PBXGroup;
			children = (
				AA1CDECA224A60C700CE1EFA /* WebKit.framework */,
				5D90300CAC8CF99EFBAA4C60 /* Pods_Division2FanApp.framework */,
			);
			name = Frameworks;
			sourceTree = "<group>";
		};
/* End PBXGroup section */

/* Begin PBXNativeTarget section */
		AA9021D9223B8E6F00CBF52F /* Division2FanApp */ = {
			isa = PBXNativeTarget;
			buildConfigurationList = AA9021EC223B8E7100CBF52F /* Build configuration list for PBXNativeTarget "Division2FanApp" */;
			buildPhases = (
				0E3FB9BB6C4CE87643A35360 /* [CP] Check Pods Manifest.lock */,
				AA9021D6223B8E6F00CBF52F /* Sources */,
				AA9021D7223B8E6F00CBF52F /* Frameworks */,
				AA9021D8223B8E6F00CBF52F /* Resources */,
			);
			buildRules = (
			);
			dependencies = (
			);
			name = Division2FanApp;
			productName = Division2FanApp;
			productReference = AA9021DA223B8E6F00CBF52F /* Division2FanApp.app */;
			productType = "com.apple.product-type.application";
		};
		AAE3B3A42431F65F00D86E4F /* Division2FanAppTests */ = {
			isa = PBXNativeTarget;
			buildConfigurationList = AAE3B3AC2431F65F00D86E4F /* Build configuration list for PBXNativeTarget "Division2FanAppTests" */;
			buildPhases = (
				AAE3B3A12431F65F00D86E4F /* Sources */,
				AAE3B3A22431F65F00D86E4F /* Frameworks */,
				AAE3B3A32431F65F00D86E4F /* Resources */,
			);
			buildRules = (
			);
			dependencies = (
				AAE3B3AB2431F65F00D86E4F /* PBXTargetDependency */,
			);
			name = Division2FanAppTests;
			productName = Division2FanAppTests;
			productReference = AAE3B3A52431F65F00D86E4F /* Division2FanAppTests.xctest */;
			productType = "com.apple.product-type.bundle.unit-test";
		};
/* End PBXNativeTarget section */

/* Begin PBXProject section */
		AA9021D2223B8E6E00CBF52F /* Project object */ = {
			isa = PBXProject;
			attributes = {
				LastSwiftUpdateCheck = 1140;
				LastUpgradeCheck = 1010;
				ORGANIZATIONNAME = "Christian Deckert";
				TargetAttributes = {
					AA9021D9223B8E6F00CBF52F = {
						CreatedOnToolsVersion = 10.1;
					};
					AAE3B3A42431F65F00D86E4F = {
						CreatedOnToolsVersion = 11.4;
						TestTargetID = AA9021D9223B8E6F00CBF52F;
					};
				};
			};
			buildConfigurationList = AA9021D5223B8E6E00CBF52F /* Build configuration list for PBXProject "Division2FanApp" */;
			compatibilityVersion = "Xcode 9.3";
			developmentRegion = en;
			hasScannedForEncodings = 0;
			knownRegions = (
				en,
				Base,
				de,
			);
			mainGroup = AA9021D1223B8E6E00CBF52F;
			productRefGroup = AA9021DB223B8E6F00CBF52F /* Products */;
			projectDirPath = "";
			projectRoot = "";
			targets = (
				AA9021D9223B8E6F00CBF52F /* Division2FanApp */,
				AAE3B3A42431F65F00D86E4F /* Division2FanAppTests */,
			);
		};
/* End PBXProject section */

/* Begin PBXResourcesBuildPhase section */
		AA9021D8223B8E6F00CBF52F /* Resources */ = {
			isa = PBXResourcesBuildPhase;
			buildActionMask = 2147483647;
			files = (
				AA9021E8223B8E7100CBF52F /* LaunchScreen.storyboard in Resources */,
				AA1A9F4B224A0D2500653BA7 /* division2-night.mov in Resources */,
				AA902207223B9BC200CBF52F /* Localizable.strings in Resources */,
				AA9021FB223B92E100CBF52F /* CalculatorCell.xib in Resources */,
				AA902223223B9EE800CBF52F /* Borda-ExtraBold.ttf in Resources */,
				AA4334252242E97200987F5B /* ContainerViewController.xib in Resources */,
				AA902233223BEBC100CBF52F /* StatsCollectionViewController.xib in Resources */,
				AA4334292242FA5500987F5B /* division2-streets.mov in Resources */,
				AA43343B22439FC500987F5B /* FABMenuTableViewCell.xib in Resources */,
				AA90223B223BF42F00CBF52F /* StatCollectionViewCell.xib in Resources */,
				AA9021E5223B8E7100CBF52F /* Assets.xcassets in Resources */,
				AA902222223B9EE800CBF52F /* Borda-Bold.ttf in Resources */,
				AA43343822439FC500987F5B /* FabViewController.xib in Resources */,
				AA90221D223B9EE800CBF52F /* Borda Light.ttf in Resources */,
				AA902220223B9EE800CBF52F /* Borda.ttf in Resources */,
				AA43343722439FC500987F5B /* FABMenuViewController.xib in Resources */,
				AA168EC8223FC56000857113 /* precinct-siege-sample.mp3 in Resources */,
				AA168EBD223EC77F00857113 /* InfoCell.xib in Resources */,
				AA902245223D6B6000CBF52F /* VideoPlayerViewController.xib in Resources */,
				AA1A9F50224A0DCC00653BA7 /* BrowserViewController.xib in Resources */,
				AA4334042240DE9400987F5B /* DPS CALCULATOR MARCOSTYLE.xlsx in Resources */,
				AA9021F6223B8F4700CBF52F /* CalcualtorTableViewController.xib in Resources */,
				AA90223E223C375500CBF52F /* Loot Drop Epic.mp3 in Resources */,
				AA168EB8223EC6D800857113 /* InfoTableViewController.xib in Resources */,
				AA433402224000F800987F5B /* division2-dz-east.mov in Resources */,
			);
			runOnlyForDeploymentPostprocessing = 0;
		};
		AAE3B3A32431F65F00D86E4F /* Resources */ = {
			isa = PBXResourcesBuildPhase;
			buildActionMask = 2147483647;
			files = (
			);
			runOnlyForDeploymentPostprocessing = 0;
		};
/* End PBXResourcesBuildPhase section */

/* Begin PBXShellScriptBuildPhase section */
		0E3FB9BB6C4CE87643A35360 /* [CP] Check Pods Manifest.lock */ = {
			isa = PBXShellScriptBuildPhase;
			buildActionMask = 2147483647;
			files = (
			);
			inputFileListPaths = (
			);
			inputPaths = (
				"${PODS_PODFILE_DIR_PATH}/Podfile.lock",
				"${PODS_ROOT}/Manifest.lock",
			);
			name = "[CP] Check Pods Manifest.lock";
			outputFileListPaths = (
			);
			outputPaths = (
				"$(DERIVED_FILE_DIR)/Pods-Division2FanApp-checkManifestLockResult.txt",
			);
			runOnlyForDeploymentPostprocessing = 0;
			shellPath = /bin/sh;
			shellScript = "diff \"${PODS_PODFILE_DIR_PATH}/Podfile.lock\" \"${PODS_ROOT}/Manifest.lock\" > /dev/null\nif [ $? != 0 ] ; then\n    # print error to STDERR\n    echo \"error: The sandbox is not in sync with the Podfile.lock. Run 'pod install' or update your CocoaPods installation.\" >&2\n    exit 1\nfi\n# This output is used by Xcode 'outputs' to avoid re-running this script phase.\necho \"SUCCESS\" > \"${SCRIPT_OUTPUT_FILE_0}\"\n";
			showEnvVarsInLog = 0;
		};
/* End PBXShellScriptBuildPhase section */

/* Begin PBXSourcesBuildPhase section */
		AA9021D6223B8E6F00CBF52F /* Sources */ = {
			isa = PBXSourcesBuildPhase;
			buildActionMask = 2147483647;
			files = (
				AA168EC3223FA6F400857113 /* InfoTableViewController.swift in Sources */,
				AA1A9F4F224A0DCC00653BA7 /* BrowserViewController.swift in Sources */,
				AA90222F223BE44C00CBF52F /* DpsCalculator.swift in Sources */,
				AA90223A223BF42F00CBF52F /* StatCollectionViewCell.swift in Sources */,
				AA902244223D6B6000CBF52F /* VideoPlayerViewController.swift in Sources */,
				AA9021F5223B8F4700CBF52F /* CalcualtorTableViewController.swift in Sources */,
				AA90225B223D897400CBF52F /* UIViewController+Extensions.swift in Sources */,
				AA902247223D6CD400CBF52F /* RootViewController.swift in Sources */,
				AA902259223D896100CBF52F /* UIView+Extensions.swift in Sources */,
				AA43342B22438E8600987F5B /* UIDevice+Extensions.swift in Sources */,
				AA43343922439FC500987F5B /* FABMenuViewController.swift in Sources */,
				AA902240223C377300CBF52F /* Sounds.swift in Sources */,
				AA902204223B983F00CBF52F /* String+Extensions.swift in Sources */,
				AA43343622439FC500987F5B /* FABWindow.swift in Sources */,
				AA902228223BA15B00CBF52F /* UIFont+Extensions.swift in Sources */,
				AA168EC6223FA8EB00857113 /* UserDefaultsService.swift in Sources */,
				AA902202223B966900CBF52F /* UIColor+Extensions.swift in Sources */,
				AA4334242242E97200987F5B /* ContainerViewController.swift in Sources */,
				AA9021FA223B92E100CBF52F /* CalculatorCell.swift in Sources */,
				AA9021FE223B936300CBF52F /* CellControllable.swift in Sources */,
				AA90225D223D898300CBF52F /* UINavigationBar+Extensions.swift in Sources */,
				AA90225F223D8A0500CBF52F /* NSLayoutContraint+Extensions.swift in Sources */,
				AA902200223B939900CBF52F /* UITableView+Extensions.swift in Sources */,
				AA43343A22439FC500987F5B /* FABMenuTableViewCell.swift in Sources */,
				AA902232223BEBC100CBF52F /* StatsCollectionViewController.swift in Sources */,
				AA9021DE223B8E6F00CBF52F /* AppDelegate.swift in Sources */,
				AA43343C22439FC500987F5B /* FabViewController.swift in Sources */,
				AA168EBC223EC77F00857113 /* InfoCell.swift in Sources */,
			);
			runOnlyForDeploymentPostprocessing = 0;
		};
		AAE3B3A12431F65F00D86E4F /* Sources */ = {
			isa = PBXSourcesBuildPhase;
			buildActionMask = 2147483647;
			files = (
				AAE3B3A82431F65F00D86E4F /* DPSCalculatorTests.swift in Sources */,
			);
			runOnlyForDeploymentPostprocessing = 0;
		};
/* End PBXSourcesBuildPhase section */

/* Begin PBXTargetDependency section */
		AAE3B3AB2431F65F00D86E4F /* PBXTargetDependency */ = {
			isa = PBXTargetDependency;
			target = AA9021D9223B8E6F00CBF52F /* Division2FanApp */;
			targetProxy = AAE3B3AA2431F65F00D86E4F /* PBXContainerItemProxy */;
		};
/* End PBXTargetDependency section */

/* Begin PBXVariantGroup section */
		AA9021E6223B8E7100CBF52F /* LaunchScreen.storyboard */ = {
			isa = PBXVariantGroup;
			children = (
				AA9021E7223B8E7100CBF52F /* Base */,
			);
			name = LaunchScreen.storyboard;
			sourceTree = "<group>";
		};
		AA902209223B9BC200CBF52F /* Localizable.strings */ = {
			isa = PBXVariantGroup;
			children = (
				AA902208223B9BC200CBF52F /* en */,
				AA90220A223B9BEC00CBF52F /* de */,
			);
			name = Localizable.strings;
			sourceTree = "<group>";
		};
/* End PBXVariantGroup section */

/* Begin XCBuildConfiguration section */
		AA9021EA223B8E7100CBF52F /* Debug */ = {
			isa = XCBuildConfiguration;
			buildSettings = {
				ALWAYS_SEARCH_USER_PATHS = NO;
				CLANG_ANALYZER_LOCALIZABILITY_NONLOCALIZED = YES;
				CLANG_ANALYZER_NONNULL = YES;
				CLANG_ANALYZER_NUMBER_OBJECT_CONVERSION = YES_AGGRESSIVE;
				CLANG_CXX_LANGUAGE_STANDARD = "gnu++14";
				CLANG_CXX_LIBRARY = "libc++";
				CLANG_ENABLE_MODULES = YES;
				CLANG_ENABLE_OBJC_ARC = YES;
				CLANG_ENABLE_OBJC_WEAK = YES;
				CLANG_WARN_BLOCK_CAPTURE_AUTORELEASING = YES;
				CLANG_WARN_BOOL_CONVERSION = YES;
				CLANG_WARN_COMMA = YES;
				CLANG_WARN_CONSTANT_CONVERSION = YES;
				CLANG_WARN_DEPRECATED_OBJC_IMPLEMENTATIONS = YES;
				CLANG_WARN_DIRECT_OBJC_ISA_USAGE = YES_ERROR;
				CLANG_WARN_DOCUMENTATION_COMMENTS = YES;
				CLANG_WARN_EMPTY_BODY = YES;
				CLANG_WARN_ENUM_CONVERSION = YES;
				CLANG_WARN_INFINITE_RECURSION = YES;
				CLANG_WARN_INT_CONVERSION = YES;
				CLANG_WARN_NON_LITERAL_NULL_CONVERSION = YES;
				CLANG_WARN_OBJC_IMPLICIT_RETAIN_SELF = YES;
				CLANG_WARN_OBJC_LITERAL_CONVERSION = YES;
				CLANG_WARN_OBJC_ROOT_CLASS = YES_ERROR;
				CLANG_WARN_RANGE_LOOP_ANALYSIS = YES;
				CLANG_WARN_STRICT_PROTOTYPES = YES;
				CLANG_WARN_SUSPICIOUS_MOVE = YES;
				CLANG_WARN_UNGUARDED_AVAILABILITY = YES_AGGRESSIVE;
				CLANG_WARN_UNREACHABLE_CODE = YES;
				CLANG_WARN__DUPLICATE_METHOD_MATCH = YES;
				CODE_SIGN_IDENTITY = "iPhone Developer";
				COPY_PHASE_STRIP = NO;
				DEBUG_INFORMATION_FORMAT = dwarf;
				ENABLE_STRICT_OBJC_MSGSEND = YES;
				ENABLE_TESTABILITY = YES;
				GCC_C_LANGUAGE_STANDARD = gnu11;
				GCC_DYNAMIC_NO_PIC = NO;
				GCC_NO_COMMON_BLOCKS = YES;
				GCC_OPTIMIZATION_LEVEL = 0;
				GCC_PREPROCESSOR_DEFINITIONS = (
					"DEBUG=1",
					"$(inherited)",
				);
				GCC_WARN_64_TO_32_BIT_CONVERSION = YES;
				GCC_WARN_ABOUT_RETURN_TYPE = YES_ERROR;
				GCC_WARN_UNDECLARED_SELECTOR = YES;
				GCC_WARN_UNINITIALIZED_AUTOS = YES_AGGRESSIVE;
				GCC_WARN_UNUSED_FUNCTION = YES;
				GCC_WARN_UNUSED_VARIABLE = YES;
				IPHONEOS_DEPLOYMENT_TARGET = 12.1;
				MTL_ENABLE_DEBUG_INFO = INCLUDE_SOURCE;
				MTL_FAST_MATH = YES;
				ONLY_ACTIVE_ARCH = YES;
				SDKROOT = iphoneos;
				SWIFT_ACTIVE_COMPILATION_CONDITIONS = DEBUG;
				SWIFT_OPTIMIZATION_LEVEL = "-Onone";
			};
			name = Debug;
		};
		AA9021EB223B8E7100CBF52F /* Release */ = {
			isa = XCBuildConfiguration;
			buildSettings = {
				ALWAYS_SEARCH_USER_PATHS = NO;
				CLANG_ANALYZER_LOCALIZABILITY_NONLOCALIZED = YES;
				CLANG_ANALYZER_NONNULL = YES;
				CLANG_ANALYZER_NUMBER_OBJECT_CONVERSION = YES_AGGRESSIVE;
				CLANG_CXX_LANGUAGE_STANDARD = "gnu++14";
				CLANG_CXX_LIBRARY = "libc++";
				CLANG_ENABLE_MODULES = YES;
				CLANG_ENABLE_OBJC_ARC = YES;
				CLANG_ENABLE_OBJC_WEAK = YES;
				CLANG_WARN_BLOCK_CAPTURE_AUTORELEASING = YES;
				CLANG_WARN_BOOL_CONVERSION = YES;
				CLANG_WARN_COMMA = YES;
				CLANG_WARN_CONSTANT_CONVERSION = YES;
				CLANG_WARN_DEPRECATED_OBJC_IMPLEMENTATIONS = YES;
				CLANG_WARN_DIRECT_OBJC_ISA_USAGE = YES_ERROR;
				CLANG_WARN_DOCUMENTATION_COMMENTS = YES;
				CLANG_WARN_EMPTY_BODY = YES;
				CLANG_WARN_ENUM_CONVERSION = YES;
				CLANG_WARN_INFINITE_RECURSION = YES;
				CLANG_WARN_INT_CONVERSION = YES;
				CLANG_WARN_NON_LITERAL_NULL_CONVERSION = YES;
				CLANG_WARN_OBJC_IMPLICIT_RETAIN_SELF = YES;
				CLANG_WARN_OBJC_LITERAL_CONVERSION = YES;
				CLANG_WARN_OBJC_ROOT_CLASS = YES_ERROR;
				CLANG_WARN_RANGE_LOOP_ANALYSIS = YES;
				CLANG_WARN_STRICT_PROTOTYPES = YES;
				CLANG_WARN_SUSPICIOUS_MOVE = YES;
				CLANG_WARN_UNGUARDED_AVAILABILITY = YES_AGGRESSIVE;
				CLANG_WARN_UNREACHABLE_CODE = YES;
				CLANG_WARN__DUPLICATE_METHOD_MATCH = YES;
				CODE_SIGN_IDENTITY = "iPhone Developer";
				COPY_PHASE_STRIP = NO;
				DEBUG_INFORMATION_FORMAT = "dwarf-with-dsym";
				ENABLE_NS_ASSERTIONS = NO;
				ENABLE_STRICT_OBJC_MSGSEND = YES;
				GCC_C_LANGUAGE_STANDARD = gnu11;
				GCC_NO_COMMON_BLOCKS = YES;
				GCC_WARN_64_TO_32_BIT_CONVERSION = YES;
				GCC_WARN_ABOUT_RETURN_TYPE = YES_ERROR;
				GCC_WARN_UNDECLARED_SELECTOR = YES;
				GCC_WARN_UNINITIALIZED_AUTOS = YES_AGGRESSIVE;
				GCC_WARN_UNUSED_FUNCTION = YES;
				GCC_WARN_UNUSED_VARIABLE = YES;
				IPHONEOS_DEPLOYMENT_TARGET = 12.1;
				MTL_ENABLE_DEBUG_INFO = NO;
				MTL_FAST_MATH = YES;
				SDKROOT = iphoneos;
				SWIFT_COMPILATION_MODE = wholemodule;
				SWIFT_OPTIMIZATION_LEVEL = "-O";
				VALIDATE_PRODUCT = YES;
			};
			name = Release;
		};
		AA9021ED223B8E7100CBF52F /* Debug */ = {
			isa = XCBuildConfiguration;
			baseConfigurationReference = E83349855BDFFBC9911A8E2E /* Pods-Division2FanApp.debug.xcconfig */;
			buildSettings = {
				ASSETCATALOG_COMPILER_APPICON_NAME = AppIcon;
				CODE_SIGN_STYLE = Automatic;
				CURRENT_PROJECT_VERSION = 10;
				DEVELOPMENT_TEAM = C7G26D2828;
				INFOPLIST_FILE = "$(SRCROOT)/Division2FanApp/Resources/Info.plist";
				IPHONEOS_DEPLOYMENT_TARGET = 11.0;
				LD_RUNPATH_SEARCH_PATHS = (
					"$(inherited)",
					"@executable_path/Frameworks",
				);
				MARKETING_VERSION = 1.0.5;
				PRODUCT_BUNDLE_IDENTIFIER = com.christiandeckertapps.dpscalculator;
				PRODUCT_NAME = "$(TARGET_NAME)";
				SWIFT_VERSION = 4.2;
				TARGETED_DEVICE_FAMILY = 1;
			};
			name = Debug;
		};
		AA9021EE223B8E7100CBF52F /* Release */ = {
			isa = XCBuildConfiguration;
			baseConfigurationReference = F3278855D53960EFFF3E43B1 /* Pods-Division2FanApp.release.xcconfig */;
			buildSettings = {
				ASSETCATALOG_COMPILER_APPICON_NAME = AppIcon;
				CODE_SIGN_STYLE = Automatic;
				CURRENT_PROJECT_VERSION = 10;
				DEVELOPMENT_TEAM = C7G26D2828;
				INFOPLIST_FILE = "$(SRCROOT)/Division2FanApp/Resources/Info.plist";
				IPHONEOS_DEPLOYMENT_TARGET = 11.0;
				LD_RUNPATH_SEARCH_PATHS = (
					"$(inherited)",
					"@executable_path/Frameworks",
				);
				MARKETING_VERSION = 1.0.5;
				PRODUCT_BUNDLE_IDENTIFIER = com.christiandeckertapps.dpscalculator;
				PRODUCT_NAME = "$(TARGET_NAME)";
				SWIFT_VERSION = 4.2;
				TARGETED_DEVICE_FAMILY = 1;
			};
			name = Release;
		};
		AAE3B3AD2431F65F00D86E4F /* Debug */ = {
			isa = XCBuildConfiguration;
			buildSettings = {
				BUNDLE_LOADER = "$(TEST_HOST)";
				CODE_SIGN_STYLE = Automatic;
				DEVELOPMENT_TEAM = C7G26D2828;
				INFOPLIST_FILE = Division2FanAppTests/Info.plist;
				IPHONEOS_DEPLOYMENT_TARGET = 13.4;
				LD_RUNPATH_SEARCH_PATHS = (
					"$(inherited)",
					"@executable_path/Frameworks",
					"@loader_path/Frameworks",
				);
				PRODUCT_BUNDLE_IDENTIFIER = com.christiandeckertapps.Division2FanAppTests;
				PRODUCT_NAME = "$(TARGET_NAME)";
				SWIFT_VERSION = 5.0;
				TARGETED_DEVICE_FAMILY = "1,2";
				TEST_HOST = "$(BUILT_PRODUCTS_DIR)/Division2FanApp.app/Division2FanApp";
			};
			name = Debug;
		};
		AAE3B3AE2431F65F00D86E4F /* Release */ = {
			isa = XCBuildConfiguration;
			buildSettings = {
				BUNDLE_LOADER = "$(TEST_HOST)";
				CODE_SIGN_STYLE = Automatic;
				DEVELOPMENT_TEAM = C7G26D2828;
				INFOPLIST_FILE = Division2FanAppTests/Info.plist;
				IPHONEOS_DEPLOYMENT_TARGET = 13.4;
				LD_RUNPATH_SEARCH_PATHS = (
					"$(inherited)",
					"@executable_path/Frameworks",
					"@loader_path/Frameworks",
				);
				PRODUCT_BUNDLE_IDENTIFIER = com.christiandeckertapps.Division2FanAppTests;
				PRODUCT_NAME = "$(TARGET_NAME)";
				SWIFT_VERSION = 5.0;
				TARGETED_DEVICE_FAMILY = "1,2";
				TEST_HOST = "$(BUILT_PRODUCTS_DIR)/Division2FanApp.app/Division2FanApp";
			};
			name = Release;
		};
/* End XCBuildConfiguration section */

/* Begin XCConfigurationList section */
		AA9021D5223B8E6E00CBF52F /* Build configuration list for PBXProject "Division2FanApp" */ = {
			isa = XCConfigurationList;
			buildConfigurations = (
				AA9021EA223B8E7100CBF52F /* Debug */,
				AA9021EB223B8E7100CBF52F /* Release */,
			);
			defaultConfigurationIsVisible = 0;
			defaultConfigurationName = Release;
		};
		AA9021EC223B8E7100CBF52F /* Build configuration list for PBXNativeTarget "Division2FanApp" */ = {
			isa = XCConfigurationList;
			buildConfigurations = (
				AA9021ED223B8E7100CBF52F /* Debug */,
				AA9021EE223B8E7100CBF52F /* Release */,
			);
			defaultConfigurationIsVisible = 0;
			defaultConfigurationName = Release;
		};
		AAE3B3AC2431F65F00D86E4F /* Build configuration list for PBXNativeTarget "Division2FanAppTests" */ = {
			isa = XCConfigurationList;
			buildConfigurations = (
				AAE3B3AD2431F65F00D86E4F /* Debug */,
				AAE3B3AE2431F65F00D86E4F /* Release */,
			);
			defaultConfigurationIsVisible = 0;
			defaultConfigurationName = Release;
		};
/* End XCConfigurationList section */
	};
	rootObject = AA9021D2223B8E6E00CBF52F /* Project object */;
}
